
Microsoft Visual Studio Solution File, Format Version 12.00
# Visual Studio Version 17
VisualStudioVersion = 17.5.002.0
MinimumVisualStudioVersion = 10.0.40219.1
Project("{9A19103F-16F7-4668-BE54-9A1E7A4F7556}") = "Manager.API", "Manager.API\Manager.API.csproj", "{B0844C56-8F36-4023-B47C-FC9AA3106475}"
EndProject
Global
	GlobalSection(SolutionConfigurationPlatforms) = preSolution
		Debug|Any CPU = Debug|Any CPU
		Release|Any CPU = Release|Any CPU
	EndGlobalSection
	GlobalSection(ProjectConfigurationPlatforms) = postSolution
		{B0844C56-8F36-4023-B47C-FC9AA3106475}.Debug|Any CPU.ActiveCfg = Debug|Any CPU
		{B0844C56-8F36-4023-B47C-FC9AA3106475}.Debug|Any CPU.Build.0 = Debug|Any CPU
		{B0844C56-8F36-4023-B47C-FC9AA3106475}.Release|Any CPU.ActiveCfg = Release|Any CPU
		{B0844C56-8F36-4023-B47C-FC9AA3106475}.Release|Any CPU.Build.0 = Release|Any CPU
	EndGlobalSection
	GlobalSection(SolutionProperties) = preSolution
		HideSolutionNode = FALSE
	EndGlobalSection
	GlobalSection(ExtensibilityGlobals) = postSolution
		SolutionGuid = {3013448C-2ED0-42CA-8B6B-616C51271F11}
	EndGlobalSection
EndGlobal
